
Microsoft Visual Studio Solution File, Format Version 12.00
# Visual Studio 15
VisualStudioVersion = 15.0.28307.1259
MinimumVisualStudioVersion = 10.0.40219.1
Project("{8BC9CEB8-8B4A-11D0-8D11-00A0C91BC942}") = "TacticalWar", "TacticalWar\TacticalWar.vcxproj", "{C3F4D50F-95CC-42AD-8E36-C8ACB94D1C5B}"
EndProject
Project("{8BC9CEB8-8B4A-11D0-8D11-00A0C91BC942}") = "TacticalWarServer", "TacticalWarServer\TacticalWarServer.vcxproj", "{CBD4E741-A5DC-4E78-A6F0-0AF51839F95B}"
EndProject
Project("{8BC9CEB8-8B4A-11D0-8D11-00A0C91BC942}") = "IsometricRendererTestModule", "IsometricRendererTestModule\IsometricRendererTestModule.vcxproj", "{FE9590D7-C448-4B75-92E9-23BB57CB0FEA}"
EndProject
Project("{8BC9CEB8-8B4A-11D0-8D11-00A0C91BC942}") = "IsometricRendererLib", "IsometricRendererLib\IsometricRendererLib.vcxproj", "{616DD023-6D4B-4E87-9F8A-A548A3E691AB}"
EndProject
Project("{8BC9CEB8-8B4A-11D0-8D11-00A0C91BC942}") = "TacticalWarCommonLib", "TacticalWarCommonLib\TacticalWarCommonLib.vcxproj", "{22AFCD2A-5058-44CF-8264-AD1A26272A58}"
EndProject
Project("{8BC9CEB8-8B4A-11D0-8D11-00A0C91BC942}") = "TacticalWarClientCommonLib", "TacticalWarClientCommonLib\TacticalWarClientCommonLib.vcxproj", "{B62C37FC-CDBB-4C56-A9DA-15C134509611}"
EndProject
Project("{8BC9CEB8-8B4A-11D0-8D11-00A0C91BC942}") = "ZoneAndSightLib", "ZoneAndSightLib\ZoneAndSightLib.vcxproj", "{92A13653-9A4D-478B-96D5-414C0133B381}"
EndProject
Project("{8BC9CEB8-8B4A-11D0-8D11-00A0C91BC942}") = "PathfindingLib", "PathfindingLib\PathfindingLib.vcxproj", "{F579AD13-4A80-40F5-ABA4-88E8E8739A71}"
EndProject
Project("{8BC9CEB8-8B4A-11D0-8D11-00A0C91BC942}") = "AnimationsAndSoundLib", "AnimationsAndSoundLib\AnimationsAndSoundLib.vcxproj", "{2978AEB2-241E-4795-9480-A715E4213640}"
EndProject
Project("{8BC9CEB8-8B4A-11D0-8D11-00A0C91BC942}") = "EnvironmentEditor", "EnvironmentEditor\EnvironmentEditor.vcxproj", "{B98846B3-B89E-4662-8E1C-3532D0225CFF}"
EndProject
Project("{8BC9CEB8-8B4A-11D0-8D11-00A0C91BC942}") = "MatchmakingLib", "MatchmakingLib\MatchmakingLib.vcxproj", "{212F22A8-D95F-460E-BD47-346BFFD85C9C}"
EndProject
Project("{8BC9CEB8-8B4A-11D0-8D11-00A0C91BC942}") = "TacticalWarBattleLib", "TacticalWarBattleLib\TacticalWarBattleLib.vcxproj", "{C5A2FCBB-BE73-4C99-9ED0-96CA39F959C0}"
EndProject
Project("{8BC9CEB8-8B4A-11D0-8D11-00A0C91BC942}") = "ColorisationTestModule", "ColorisationTestModule\ColorisationTestModule.vcxproj", "{1AB15D85-7E29-4953-9D2E-0253107A397D}"
EndProject
Project("{8BC9CEB8-8B4A-11D0-8D11-00A0C91BC942}") = "EnvironmentPersistanceLib", "EnvironmentPersistanceLib\EnvironmentPersistanceLib.vcxproj", "{FAD2F01A-A414-4665-88B2-1191EAC5F5C1}"
EndProject
Project("{8BC9CEB8-8B4A-11D0-8D11-00A0C91BC942}") = "MatchmakingTestModule", "MatchmakingTestModule\MatchmakingTestModule.vcxproj", "{F4EF5AE4-9DCA-4C07-BAA0-53DEFB29A10C}"
EndProject
Project("{8BC9CEB8-8B4A-11D0-8D11-00A0C91BC942}") = "UtilsLib", "UtilsLib\UtilsLib.vcxproj", "{1D67C839-B5D5-4A87-8FDB-0FF8F2AED605}"
EndProject
Global
	GlobalSection(SolutionConfigurationPlatforms) = preSolution
		Debug|Any CPU = Debug|Any CPU
		Debug|x64 = Debug|x64
		Debug|x86 = Debug|x86
		Release|Any CPU = Release|Any CPU
		Release|x64 = Release|x64
		Release|x86 = Release|x86
	EndGlobalSection
	GlobalSection(ProjectConfigurationPlatforms) = postSolution
		{C3F4D50F-95CC-42AD-8E36-C8ACB94D1C5B}.Debug|Any CPU.ActiveCfg = Debug|Win32
		{C3F4D50F-95CC-42AD-8E36-C8ACB94D1C5B}.Debug|x64.ActiveCfg = Debug|x64
		{C3F4D50F-95CC-42AD-8E36-C8ACB94D1C5B}.Debug|x64.Build.0 = Debug|x64
		{C3F4D50F-95CC-42AD-8E36-C8ACB94D1C5B}.Debug|x86.ActiveCfg = Debug|Win32
		{C3F4D50F-95CC-42AD-8E36-C8ACB94D1C5B}.Debug|x86.Build.0 = Debug|Win32
		{C3F4D50F-95CC-42AD-8E36-C8ACB94D1C5B}.Release|Any CPU.ActiveCfg = Release|Win32
		{C3F4D50F-95CC-42AD-8E36-C8ACB94D1C5B}.Release|x64.ActiveCfg = Release|x64
		{C3F4D50F-95CC-42AD-8E36-C8ACB94D1C5B}.Release|x64.Build.0 = Release|x64
		{C3F4D50F-95CC-42AD-8E36-C8ACB94D1C5B}.Release|x86.ActiveCfg = Release|Win32
		{C3F4D50F-95CC-42AD-8E36-C8ACB94D1C5B}.Release|x86.Build.0 = Release|Win32
		{CBD4E741-A5DC-4E78-A6F0-0AF51839F95B}.Debug|Any CPU.ActiveCfg = Debug|Win32
		{CBD4E741-A5DC-4E78-A6F0-0AF51839F95B}.Debug|x64.ActiveCfg = Debug|x64
		{CBD4E741-A5DC-4E78-A6F0-0AF51839F95B}.Debug|x64.Build.0 = Debug|x64
		{CBD4E741-A5DC-4E78-A6F0-0AF51839F95B}.Debug|x86.ActiveCfg = Debug|Win32
		{CBD4E741-A5DC-4E78-A6F0-0AF51839F95B}.Debug|x86.Build.0 = Debug|Win32
		{CBD4E741-A5DC-4E78-A6F0-0AF51839F95B}.Release|Any CPU.ActiveCfg = Release|Win32
		{CBD4E741-A5DC-4E78-A6F0-0AF51839F95B}.Release|x64.ActiveCfg = Release|x64
		{CBD4E741-A5DC-4E78-A6F0-0AF51839F95B}.Release|x64.Build.0 = Release|x64
		{CBD4E741-A5DC-4E78-A6F0-0AF51839F95B}.Release|x86.ActiveCfg = Release|Win32
		{CBD4E741-A5DC-4E78-A6F0-0AF51839F95B}.Release|x86.Build.0 = Release|Win32
		{FE9590D7-C448-4B75-92E9-23BB57CB0FEA}.Debug|Any CPU.ActiveCfg = Debug|Win32
		{FE9590D7-C448-4B75-92E9-23BB57CB0FEA}.Debug|x64.ActiveCfg = Debug|x64
		{FE9590D7-C448-4B75-92E9-23BB57CB0FEA}.Debug|x64.Build.0 = Debug|x64
		{FE9590D7-C448-4B75-92E9-23BB57CB0FEA}.Debug|x86.ActiveCfg = Debug|Win32
		{FE9590D7-C448-4B75-92E9-23BB57CB0FEA}.Debug|x86.Build.0 = Debug|Win32
		{FE9590D7-C448-4B75-92E9-23BB57CB0FEA}.Release|Any CPU.ActiveCfg = Release|Win32
		{FE9590D7-C448-4B75-92E9-23BB57CB0FEA}.Release|x64.ActiveCfg = Release|x64
		{FE9590D7-C448-4B75-92E9-23BB57CB0FEA}.Release|x64.Build.0 = Release|x64
		{FE9590D7-C448-4B75-92E9-23BB57CB0FEA}.Release|x86.ActiveCfg = Release|Win32
		{FE9590D7-C448-4B75-92E9-23BB57CB0FEA}.Release|x86.Build.0 = Release|Win32
		{616DD023-6D4B-4E87-9F8A-A548A3E691AB}.Debug|Any CPU.ActiveCfg = Debug|Win32
		{616DD023-6D4B-4E87-9F8A-A548A3E691AB}.Debug|x64.ActiveCfg = Debug|x64
		{616DD023-6D4B-4E87-9F8A-A548A3E691AB}.Debug|x64.Build.0 = Debug|x64
		{616DD023-6D4B-4E87-9F8A-A548A3E691AB}.Debug|x86.ActiveCfg = Debug|Win32
		{616DD023-6D4B-4E87-9F8A-A548A3E691AB}.Debug|x86.Build.0 = Debug|Win32
		{616DD023-6D4B-4E87-9F8A-A548A3E691AB}.Release|Any CPU.ActiveCfg = Release|Win32
		{616DD023-6D4B-4E87-9F8A-A548A3E691AB}.Release|x64.ActiveCfg = Release|x64
		{616DD023-6D4B-4E87-9F8A-A548A3E691AB}.Release|x64.Build.0 = Release|x64
		{616DD023-6D4B-4E87-9F8A-A548A3E691AB}.Release|x86.ActiveCfg = Release|Win32
		{616DD023-6D4B-4E87-9F8A-A548A3E691AB}.Release|x86.Build.0 = Release|Win32
		{22AFCD2A-5058-44CF-8264-AD1A26272A58}.Debug|Any CPU.ActiveCfg = Debug|Win32
		{22AFCD2A-5058-44CF-8264-AD1A26272A58}.Debug|x64.ActiveCfg = Debug|x64
		{22AFCD2A-5058-44CF-8264-AD1A26272A58}.Debug|x64.Build.0 = Debug|x64
		{22AFCD2A-5058-44CF-8264-AD1A26272A58}.Debug|x86.ActiveCfg = Debug|Win32
		{22AFCD2A-5058-44CF-8264-AD1A26272A58}.Debug|x86.Build.0 = Debug|Win32
		{22AFCD2A-5058-44CF-8264-AD1A26272A58}.Release|Any CPU.ActiveCfg = Release|Win32
		{22AFCD2A-5058-44CF-8264-AD1A26272A58}.Release|x64.ActiveCfg = Release|x64
		{22AFCD2A-5058-44CF-8264-AD1A26272A58}.Release|x64.Build.0 = Release|x64
		{22AFCD2A-5058-44CF-8264-AD1A26272A58}.Release|x86.ActiveCfg = Release|Win32
		{22AFCD2A-5058-44CF-8264-AD1A26272A58}.Release|x86.Build.0 = Release|Win32
		{B62C37FC-CDBB-4C56-A9DA-15C134509611}.Debug|Any CPU.ActiveCfg = Debug|Win32
		{B62C37FC-CDBB-4C56-A9DA-15C134509611}.Debug|x64.ActiveCfg = Debug|x64
		{B62C37FC-CDBB-4C56-A9DA-15C134509611}.Debug|x64.Build.0 = Debug|x64
		{B62C37FC-CDBB-4C56-A9DA-15C134509611}.Debug|x86.ActiveCfg = Debug|Win32
		{B62C37FC-CDBB-4C56-A9DA-15C134509611}.Debug|x86.Build.0 = Debug|Win32
		{B62C37FC-CDBB-4C56-A9DA-15C134509611}.Release|Any CPU.ActiveCfg = Release|Win32
		{B62C37FC-CDBB-4C56-A9DA-15C134509611}.Release|x64.ActiveCfg = Release|x64
		{B62C37FC-CDBB-4C56-A9DA-15C134509611}.Release|x64.Build.0 = Release|x64
		{B62C37FC-CDBB-4C56-A9DA-15C134509611}.Release|x86.ActiveCfg = Release|Win32
		{B62C37FC-CDBB-4C56-A9DA-15C134509611}.Release|x86.Build.0 = Release|Win32
		{92A13653-9A4D-478B-96D5-414C0133B381}.Debug|Any CPU.ActiveCfg = Debug|Win32
		{92A13653-9A4D-478B-96D5-414C0133B381}.Debug|x64.ActiveCfg = Debug|x64
		{92A13653-9A4D-478B-96D5-414C0133B381}.Debug|x64.Build.0 = Debug|x64
		{92A13653-9A4D-478B-96D5-414C0133B381}.Debug|x86.ActiveCfg = Debug|Win32
		{92A13653-9A4D-478B-96D5-414C0133B381}.Debug|x86.Build.0 = Debug|Win32
		{92A13653-9A4D-478B-96D5-414C0133B381}.Release|Any CPU.ActiveCfg = Release|Win32
		{92A13653-9A4D-478B-96D5-414C0133B381}.Release|x64.ActiveCfg = Release|x64
		{92A13653-9A4D-478B-96D5-414C0133B381}.Release|x64.Build.0 = Release|x64
		{92A13653-9A4D-478B-96D5-414C0133B381}.Release|x86.ActiveCfg = Release|Win32
		{92A13653-9A4D-478B-96D5-414C0133B381}.Release|x86.Build.0 = Release|Win32
		{F579AD13-4A80-40F5-ABA4-88E8E8739A71}.Debug|Any CPU.ActiveCfg = Debug|Win32
		{F579AD13-4A80-40F5-ABA4-88E8E8739A71}.Debug|x64.ActiveCfg = Debug|x64
		{F579AD13-4A80-40F5-ABA4-88E8E8739A71}.Debug|x64.Build.0 = Debug|x64
		{F579AD13-4A80-40F5-ABA4-88E8E8739A71}.Debug|x86.ActiveCfg = Debug|Win32
		{F579AD13-4A80-40F5-ABA4-88E8E8739A71}.Debug|x86.Build.0 = Debug|Win32
		{F579AD13-4A80-40F5-ABA4-88E8E8739A71}.Release|Any CPU.ActiveCfg = Release|Win32
		{F579AD13-4A80-40F5-ABA4-88E8E8739A71}.Release|x64.ActiveCfg = Release|x64
		{F579AD13-4A80-40F5-ABA4-88E8E8739A71}.Release|x64.Build.0 = Release|x64
		{F579AD13-4A80-40F5-ABA4-88E8E8739A71}.Release|x86.ActiveCfg = Release|Win32
		{F579AD13-4A80-40F5-ABA4-88E8E8739A71}.Release|x86.Build.0 = Release|Win32
		{2978AEB2-241E-4795-9480-A715E4213640}.Debug|Any CPU.ActiveCfg = Debug|Win32
		{2978AEB2-241E-4795-9480-A715E4213640}.Debug|x64.ActiveCfg = Debug|x64
		{2978AEB2-241E-4795-9480-A715E4213640}.Debug|x64.Build.0 = Debug|x64
		{2978AEB2-241E-4795-9480-A715E4213640}.Debug|x86.ActiveCfg = Debug|Win32
		{2978AEB2-241E-4795-9480-A715E4213640}.Debug|x86.Build.0 = Debug|Win32
		{2978AEB2-241E-4795-9480-A715E4213640}.Release|Any CPU.ActiveCfg = Release|Win32
		{2978AEB2-241E-4795-9480-A715E4213640}.Release|x64.ActiveCfg = Release|x64
		{2978AEB2-241E-4795-9480-A715E4213640}.Release|x64.Build.0 = Release|x64
		{2978AEB2-241E-4795-9480-A715E4213640}.Release|x86.ActiveCfg = Release|Win32
		{2978AEB2-241E-4795-9480-A715E4213640}.Release|x86.Build.0 = Release|Win32
		{B98846B3-B89E-4662-8E1C-3532D0225CFF}.Debug|Any CPU.ActiveCfg = Debug|Win32
		{B98846B3-B89E-4662-8E1C-3532D0225CFF}.Debug|x64.ActiveCfg = Debug|x64
		{B98846B3-B89E-4662-8E1C-3532D0225CFF}.Debug|x64.Build.0 = Debug|x64
		{B98846B3-B89E-4662-8E1C-3532D0225CFF}.Debug|x86.ActiveCfg = Debug|Win32
		{B98846B3-B89E-4662-8E1C-3532D0225CFF}.Debug|x86.Build.0 = Debug|Win32
		{B98846B3-B89E-4662-8E1C-3532D0225CFF}.Release|Any CPU.ActiveCfg = Release|Win32
		{B98846B3-B89E-4662-8E1C-3532D0225CFF}.Release|x64.ActiveCfg = Release|x64
		{B98846B3-B89E-4662-8E1C-3532D0225CFF}.Release|x64.Build.0 = Release|x64
		{B98846B3-B89E-4662-8E1C-3532D0225CFF}.Release|x86.ActiveCfg = Release|Win32
		{B98846B3-B89E-4662-8E1C-3532D0225CFF}.Release|x86.Build.0 = Release|Win32
		{212F22A8-D95F-460E-BD47-346BFFD85C9C}.Debug|Any CPU.ActiveCfg = Debug|Win32
		{212F22A8-D95F-460E-BD47-346BFFD85C9C}.Debug|x64.ActiveCfg = Debug|x64
		{212F22A8-D95F-460E-BD47-346BFFD85C9C}.Debug|x64.Build.0 = Debug|x64
		{212F22A8-D95F-460E-BD47-346BFFD85C9C}.Debug|x86.ActiveCfg = Debug|Win32
		{212F22A8-D95F-460E-BD47-346BFFD85C9C}.Debug|x86.Build.0 = Debug|Win32
		{212F22A8-D95F-460E-BD47-346BFFD85C9C}.Release|Any CPU.ActiveCfg = Release|Win32
		{212F22A8-D95F-460E-BD47-346BFFD85C9C}.Release|x64.ActiveCfg = Release|x64
		{212F22A8-D95F-460E-BD47-346BFFD85C9C}.Release|x64.Build.0 = Release|x64
		{212F22A8-D95F-460E-BD47-346BFFD85C9C}.Release|x86.ActiveCfg = Release|Win32
		{212F22A8-D95F-460E-BD47-346BFFD85C9C}.Release|x86.Build.0 = Release|Win32
		{C5A2FCBB-BE73-4C99-9ED0-96CA39F959C0}.Debug|Any CPU.ActiveCfg = Debug|Win32
		{C5A2FCBB-BE73-4C99-9ED0-96CA39F959C0}.Debug|x64.ActiveCfg = Debug|x64
		{C5A2FCBB-BE73-4C99-9ED0-96CA39F959C0}.Debug|x64.Build.0 = Debug|x64
		{C5A2FCBB-BE73-4C99-9ED0-96CA39F959C0}.Debug|x86.ActiveCfg = Debug|Win32
		{C5A2FCBB-BE73-4C99-9ED0-96CA39F959C0}.Debug|x86.Build.0 = Debug|Win32
		{C5A2FCBB-BE73-4C99-9ED0-96CA39F959C0}.Release|Any CPU.ActiveCfg = Release|Win32
		{C5A2FCBB-BE73-4C99-9ED0-96CA39F959C0}.Release|x64.ActiveCfg = Release|x64
		{C5A2FCBB-BE73-4C99-9ED0-96CA39F959C0}.Release|x64.Build.0 = Release|x64
		{C5A2FCBB-BE73-4C99-9ED0-96CA39F959C0}.Release|x86.ActiveCfg = Release|Win32
		{C5A2FCBB-BE73-4C99-9ED0-96CA39F959C0}.Release|x86.Build.0 = Release|Win32
		{1AB15D85-7E29-4953-9D2E-0253107A397D}.Debug|Any CPU.ActiveCfg = Debug|Win32
		{1AB15D85-7E29-4953-9D2E-0253107A397D}.Debug|x64.ActiveCfg = Debug|x64
		{1AB15D85-7E29-4953-9D2E-0253107A397D}.Debug|x64.Build.0 = Debug|x64
		{1AB15D85-7E29-4953-9D2E-0253107A397D}.Debug|x86.ActiveCfg = Debug|Win32
		{1AB15D85-7E29-4953-9D2E-0253107A397D}.Debug|x86.Build.0 = Debug|Win32
		{1AB15D85-7E29-4953-9D2E-0253107A397D}.Release|Any CPU.ActiveCfg = Release|Win32
		{1AB15D85-7E29-4953-9D2E-0253107A397D}.Release|x64.ActiveCfg = Release|x64
		{1AB15D85-7E29-4953-9D2E-0253107A397D}.Release|x64.Build.0 = Release|x64
		{1AB15D85-7E29-4953-9D2E-0253107A397D}.Release|x86.ActiveCfg = Release|Win32
		{1AB15D85-7E29-4953-9D2E-0253107A397D}.Release|x86.Build.0 = Release|Win32
		{FAD2F01A-A414-4665-88B2-1191EAC5F5C1}.Debug|Any CPU.ActiveCfg = Debug|Win32
		{FAD2F01A-A414-4665-88B2-1191EAC5F5C1}.Debug|x64.ActiveCfg = Debug|x64
		{FAD2F01A-A414-4665-88B2-1191EAC5F5C1}.Debug|x64.Build.0 = Debug|x64
		{FAD2F01A-A414-4665-88B2-1191EAC5F5C1}.Debug|x86.ActiveCfg = Debug|Win32
		{FAD2F01A-A414-4665-88B2-1191EAC5F5C1}.Debug|x86.Build.0 = Debug|Win32
		{FAD2F01A-A414-4665-88B2-1191EAC5F5C1}.Release|Any CPU.ActiveCfg = Release|Win32
		{FAD2F01A-A414-4665-88B2-1191EAC5F5C1}.Release|x64.ActiveCfg = Release|x64
		{FAD2F01A-A414-4665-88B2-1191EAC5F5C1}.Release|x64.Build.0 = Release|x64
		{FAD2F01A-A414-4665-88B2-1191EAC5F5C1}.Release|x86.ActiveCfg = Release|Win32
		{FAD2F01A-A414-4665-88B2-1191EAC5F5C1}.Release|x86.Build.0 = Release|Win32
		{F4EF5AE4-9DCA-4C07-BAA0-53DEFB29A10C}.Debug|Any CPU.ActiveCfg = Debug|Win32
		{F4EF5AE4-9DCA-4C07-BAA0-53DEFB29A10C}.Debug|x64.ActiveCfg = Debug|x64
		{F4EF5AE4-9DCA-4C07-BAA0-53DEFB29A10C}.Debug|x64.Build.0 = Debug|x64
		{F4EF5AE4-9DCA-4C07-BAA0-53DEFB29A10C}.Debug|x86.ActiveCfg = Debug|Win32
		{F4EF5AE4-9DCA-4C07-BAA0-53DEFB29A10C}.Debug|x86.Build.0 = Debug|Win32
		{F4EF5AE4-9DCA-4C07-BAA0-53DEFB29A10C}.Release|Any CPU.ActiveCfg = Release|Win32
		{F4EF5AE4-9DCA-4C07-BAA0-53DEFB29A10C}.Release|x64.ActiveCfg = Release|x64
		{F4EF5AE4-9DCA-4C07-BAA0-53DEFB29A10C}.Release|x64.Build.0 = Release|x64
		{F4EF5AE4-9DCA-4C07-BAA0-53DEFB29A10C}.Release|x86.ActiveCfg = Release|Win32
		{F4EF5AE4-9DCA-4C07-BAA0-53DEFB29A10C}.Release|x86.Build.0 = Release|Win32
		{1D67C839-B5D5-4A87-8FDB-0FF8F2AED605}.Debug|Any CPU.ActiveCfg = Debug|Win32
		{1D67C839-B5D5-4A87-8FDB-0FF8F2AED605}.Debug|x64.ActiveCfg = Debug|x64
		{1D67C839-B5D5-4A87-8FDB-0FF8F2AED605}.Debug|x64.Build.0 = Debug|x64
		{1D67C839-B5D5-4A87-8FDB-0FF8F2AED605}.Debug|x86.ActiveCfg = Debug|Win32
		{1D67C839-B5D5-4A87-8FDB-0FF8F2AED605}.Debug|x86.Build.0 = Debug|Win32
		{1D67C839-B5D5-4A87-8FDB-0FF8F2AED605}.Release|Any CPU.ActiveCfg = Release|Win32
		{1D67C839-B5D5-4A87-8FDB-0FF8F2AED605}.Release|x64.ActiveCfg = Release|x64
		{1D67C839-B5D5-4A87-8FDB-0FF8F2AED605}.Release|x64.Build.0 = Release|x64
		{1D67C839-B5D5-4A87-8FDB-0FF8F2AED605}.Release|x86.ActiveCfg = Release|Win32
		{1D67C839-B5D5-4A87-8FDB-0FF8F2AED605}.Release|x86.Build.0 = Release|Win32
	EndGlobalSection
	GlobalSection(SolutionProperties) = preSolution
		HideSolutionNode = FALSE
	EndGlobalSection
	GlobalSection(ExtensibilityGlobals) = postSolution
		SolutionGuid = {9C0C340B-80A9-4ACE-9130-48C44D6FB855}
	EndGlobalSection
EndGlobal
